
Microsoft Visual Studio Solution File, Format Version 12.00
# Visual Studio 15
VisualStudioVersion = 15.0.28307.329
MinimumVisualStudioVersion = 10.0.40219.1
Project("{FAE04EC0-301F-11D3-BF4B-00C04F79EFBC}") = "KirillCourseWork", "KirillCourseWork\KirillCourseWork.csproj", "{F000289D-370E-4158-AF5A-8916F564D03C}"
EndProject
Global
	GlobalSection(SolutionConfigurationPlatforms) = preSolution
		Debug|Any CPU = Debug|Any CPU
		Release|Any CPU = Release|Any CPU
	EndGlobalSection
	GlobalSection(ProjectConfigurationPlatforms) = postSolution
		{F000289D-370E-4158-AF5A-8916F564D03C}.Debug|Any CPU.ActiveCfg = Debug|Any CPU
		{F000289D-370E-4158-AF5A-8916F564D03C}.Debug|Any CPU.Build.0 = Debug|Any CPU
		{F000289D-370E-4158-AF5A-8916F564D03C}.Release|Any CPU.ActiveCfg = Release|Any CPU
		{F000289D-370E-4158-AF5A-8916F564D03C}.Release|Any CPU.Build.0 = Release|Any CPU
	EndGlobalSection
	GlobalSection(SolutionProperties) = preSolution
		HideSolutionNode = FALSE
	EndGlobalSection
	GlobalSection(ExtensibilityGlobals) = postSolution
		SolutionGuid = {5092738B-2661-4FA8-8A2C-CBD0D7FF5241}
	EndGlobalSection
EndGlobal
